
Microsoft Visual Studio Solution File, Format Version 12.00
# Visual Studio Version 16
VisualStudioVersion = 16.0.30114.105
MinimumVisualStudioVersion = 10.0.40219.1
Project("{9A19103F-16F7-4668-BE54-9A1E7A4F7556}") = "DAL", "DAL\DAL.csproj", "{CC4F5E8C-A607-42FB-B044-E512408B8188}"
EndProject
Project("{9A19103F-16F7-4668-BE54-9A1E7A4F7556}") = "BLL", "BLL\BLL.csproj", "{4856D1B8-7C63-4421-AC74-A45181B820D1}"
EndProject
Project("{9A19103F-16F7-4668-BE54-9A1E7A4F7556}") = "Entity", "Entity\Entity.csproj", "{70651E47-F4C8-4E62-AFF7-98C7231244A2}"
EndProject
Project("{9A19103F-16F7-4668-BE54-9A1E7A4F7556}") = "saborColombiano", "saborColombiano\saborColombiano.csproj", "{3A7A3B6E-3F47-4489-B72F-2689B2440A81}"
EndProject
Project("{54435603-DBB4-11D2-8724-00A0C9A8B90C}") = "ColombianTeste", "ColombianTeste\ColombianTeste.vdproj", "{AF8B603B-8324-4788-8C7E-134C0925B2CF}"
EndProject
Global
	GlobalSection(SolutionConfigurationPlatforms) = preSolution
		Debug|Any CPU = Debug|Any CPU
		Debug|x64 = Debug|x64
		Debug|x86 = Debug|x86
		Release|Any CPU = Release|Any CPU
		Release|x64 = Release|x64
		Release|x86 = Release|x86
	EndGlobalSection
	GlobalSection(ProjectConfigurationPlatforms) = postSolution
		{CC4F5E8C-A607-42FB-B044-E512408B8188}.Debug|Any CPU.ActiveCfg = Debug|Any CPU
		{CC4F5E8C-A607-42FB-B044-E512408B8188}.Debug|Any CPU.Build.0 = Debug|Any CPU
		{CC4F5E8C-A607-42FB-B044-E512408B8188}.Debug|x64.ActiveCfg = Debug|Any CPU
		{CC4F5E8C-A607-42FB-B044-E512408B8188}.Debug|x64.Build.0 = Debug|Any CPU
		{CC4F5E8C-A607-42FB-B044-E512408B8188}.Debug|x86.ActiveCfg = Debug|Any CPU
		{CC4F5E8C-A607-42FB-B044-E512408B8188}.Debug|x86.Build.0 = Debug|Any CPU
		{CC4F5E8C-A607-42FB-B044-E512408B8188}.Release|Any CPU.ActiveCfg = Release|Any CPU
		{CC4F5E8C-A607-42FB-B044-E512408B8188}.Release|Any CPU.Build.0 = Release|Any CPU
		{CC4F5E8C-A607-42FB-B044-E512408B8188}.Release|x64.ActiveCfg = Release|Any CPU
		{CC4F5E8C-A607-42FB-B044-E512408B8188}.Release|x64.Build.0 = Release|Any CPU
		{CC4F5E8C-A607-42FB-B044-E512408B8188}.Release|x86.ActiveCfg = Release|Any CPU
		{CC4F5E8C-A607-42FB-B044-E512408B8188}.Release|x86.Build.0 = Release|Any CPU
		{4856D1B8-7C63-4421-AC74-A45181B820D1}.Debug|Any CPU.ActiveCfg = Debug|Any CPU
		{4856D1B8-7C63-4421-AC74-A45181B820D1}.Debug|Any CPU.Build.0 = Debug|Any CPU
		{4856D1B8-7C63-4421-AC74-A45181B820D1}.Debug|x64.ActiveCfg = Debug|Any CPU
		{4856D1B8-7C63-4421-AC74-A45181B820D1}.Debug|x64.Build.0 = Debug|Any CPU
		{4856D1B8-7C63-4421-AC74-A45181B820D1}.Debug|x86.ActiveCfg = Debug|Any CPU
		{4856D1B8-7C63-4421-AC74-A45181B820D1}.Debug|x86.Build.0 = Debug|Any CPU
		{4856D1B8-7C63-4421-AC74-A45181B820D1}.Release|Any CPU.ActiveCfg = Release|Any CPU
		{4856D1B8-7C63-4421-AC74-A45181B820D1}.Release|Any CPU.Build.0 = Release|Any CPU
		{4856D1B8-7C63-4421-AC74-A45181B820D1}.Release|x64.ActiveCfg = Release|Any CPU
		{4856D1B8-7C63-4421-AC74-A45181B820D1}.Release|x64.Build.0 = Release|Any CPU
		{4856D1B8-7C63-4421-AC74-A45181B820D1}.Release|x86.ActiveCfg = Release|Any CPU
		{4856D1B8-7C63-4421-AC74-A45181B820D1}.Release|x86.Build.0 = Release|Any CPU
		{70651E47-F4C8-4E62-AFF7-98C7231244A2}.Debug|Any CPU.ActiveCfg = Debug|Any CPU
		{70651E47-F4C8-4E62-AFF7-98C7231244A2}.Debug|Any CPU.Build.0 = Debug|Any CPU
		{70651E47-F4C8-4E62-AFF7-98C7231244A2}.Debug|x64.ActiveCfg = Debug|Any CPU
		{70651E47-F4C8-4E62-AFF7-98C7231244A2}.Debug|x64.Build.0 = Debug|Any CPU
		{70651E47-F4C8-4E62-AFF7-98C7231244A2}.Debug|x86.ActiveCfg = Debug|Any CPU
		{70651E47-F4C8-4E62-AFF7-98C7231244A2}.Debug|x86.Build.0 = Debug|Any CPU
		{70651E47-F4C8-4E62-AFF7-98C7231244A2}.Release|Any CPU.ActiveCfg = Release|Any CPU
		{70651E47-F4C8-4E62-AFF7-98C7231244A2}.Release|Any CPU.Build.0 = Release|Any CPU
		{70651E47-F4C8-4E62-AFF7-98C7231244A2}.Release|x64.ActiveCfg = Release|Any CPU
		{70651E47-F4C8-4E62-AFF7-98C7231244A2}.Release|x64.Build.0 = Release|Any CPU
		{70651E47-F4C8-4E62-AFF7-98C7231244A2}.Release|x86.ActiveCfg = Release|Any CPU
		{70651E47-F4C8-4E62-AFF7-98C7231244A2}.Release|x86.Build.0 = Release|Any CPU
		{3A7A3B6E-3F47-4489-B72F-2689B2440A81}.Debug|Any CPU.ActiveCfg = Debug|Any CPU
		{3A7A3B6E-3F47-4489-B72F-2689B2440A81}.Debug|Any CPU.Build.0 = Debug|Any CPU
		{3A7A3B6E-3F47-4489-B72F-2689B2440A81}.Debug|x64.ActiveCfg = Release|Any CPU
		{3A7A3B6E-3F47-4489-B72F-2689B2440A81}.Debug|x64.Build.0 = Release|Any CPU
		{3A7A3B6E-3F47-4489-B72F-2689B2440A81}.Debug|x86.ActiveCfg = Debug|Any CPU
		{3A7A3B6E-3F47-4489-B72F-2689B2440A81}.Debug|x86.Build.0 = Debug|Any CPU
		{3A7A3B6E-3F47-4489-B72F-2689B2440A81}.Release|Any CPU.ActiveCfg = Release|Any CPU
		{3A7A3B6E-3F47-4489-B72F-2689B2440A81}.Release|Any CPU.Build.0 = Release|Any CPU
		{3A7A3B6E-3F47-4489-B72F-2689B2440A81}.Release|x64.ActiveCfg = Release|Any CPU
		{3A7A3B6E-3F47-4489-B72F-2689B2440A81}.Release|x64.Build.0 = Release|Any CPU
		{3A7A3B6E-3F47-4489-B72F-2689B2440A81}.Release|x86.ActiveCfg = Release|Any CPU
		{3A7A3B6E-3F47-4489-B72F-2689B2440A81}.Release|x86.Build.0 = Release|Any CPU
		{AF8B603B-8324-4788-8C7E-134C0925B2CF}.Debug|Any CPU.ActiveCfg = Debug
		{AF8B603B-8324-4788-8C7E-134C0925B2CF}.Debug|x64.ActiveCfg = Debug
		{AF8B603B-8324-4788-8C7E-134C0925B2CF}.Debug|x86.ActiveCfg = Debug
		{AF8B603B-8324-4788-8C7E-134C0925B2CF}.Release|Any CPU.ActiveCfg = Release
		{AF8B603B-8324-4788-8C7E-134C0925B2CF}.Release|x64.ActiveCfg = Release
		{AF8B603B-8324-4788-8C7E-134C0925B2CF}.Release|x86.ActiveCfg = Release
	EndGlobalSection
	GlobalSection(SolutionProperties) = preSolution
		HideSolutionNode = FALSE
	EndGlobalSection
	GlobalSection(ExtensibilityGlobals) = postSolution
		SolutionGuid = {557577F7-4879-4DA9-8615-762F935870DB}
	EndGlobalSection
EndGlobal
